{
  "requires": true,
  "lockfileVersion": 1,
  "dependencies": {
    "@barba/prefetch": {
      "version": "2.1.10",
      "resolved": "https://registry.npmjs.org/@barba/prefetch/-/prefetch-2.1.10.tgz",
      "integrity": "sha512-5mdrn9uEL4FoBDRLl+C7o06NaYP7Xsu2AAoD8YLKrgPemJP5Hjq6++kG8DtYrvvTjPPhuFMxSjGJxnhOKYalnQ==",
      "dev": true
    },
    "@fancyapps/ui": {
      "version": "5.0.29",
      "resolved": "https://registry.npmjs.org/@fancyapps/ui/-/ui-5.0.29.tgz",
      "integrity": "sha512-M9dfRxeATaUg+5lYrlje9Cp0gAW2W0wlWRhMV954M8GyfSxPtJRAoxq4ErpeGCmw82EKPUaFCzzhXOIpCZs4/A=="
    }
  }
}
